PODS:
  - adrop-ads (0.5.3)
  - adrop-ads-mediation-admob (0.1.0):
    - adrop-ads (< 1.0.0, >= 0.5.3)
    - Google-Mobile-Ads-SDK (~> 11.0)
  - adrop_ads_admob (0.1.0):
    - adrop-ads-mediation-admob (~> 0.1.0)
    - Flutter
  - adrop_ads_flutter (0.5.0-dev.1):
    - adrop-ads (~> 0.5.0)
    - Flutter
  - Flutter (1.0.0)
  - Google-Mobile-Ads-SDK (11.2.0):
    - GoogleUserMessagingPlatform (>= 1.1)
  - google_mobile_ads (5.1.0):
    - Flutter
    - Google-Mobile-Ads-SDK (~> 11.2.0)
    - webview_flutter_wkwebview
  - GoogleUserMessagingPlatform (2.5.0)
  - integration_test (0.0.1):
    - Flutter
  - webview_flutter_wkwebview (0.0.1):
    - Flutter

DEPENDENCIES:
  - adrop_ads_admob (from `.symlinks/plugins/adrop_ads_admob/ios`)
  - adrop_ads_flutter (from `.symlinks/plugins/adrop_ads_flutter/ios`)
  - Flutter (from `Flutter`)
  - google_mobile_ads (from `.symlinks/plugins/google_mobile_ads/ios`)
  - integration_test (from `.symlinks/plugins/integration_test/ios`)
  - webview_flutter_wkwebview (from `.symlinks/plugins/webview_flutter_wkwebview/ios`)

SPEC REPOS:
  trunk:
    - adrop-ads
    - adrop-ads-mediation-admob
    - Google-Mobile-Ads-SDK
    - GoogleUserMessagingPlatform

EXTERNAL SOURCES:
  adrop_ads_admob:
    :path: ".symlinks/plugins/adrop_ads_admob/ios"
  adrop_ads_flutter:
    :path: ".symlinks/plugins/adrop_ads_flutter/ios"
  Flutter:
    :path: Flutter
  google_mobile_ads:
    :path: ".symlinks/plugins/google_mobile_ads/ios"
  integration_test:
    :path: ".symlinks/plugins/integration_test/ios"
  webview_flutter_wkwebview:
    :path: ".symlinks/plugins/webview_flutter_wkwebview/ios"

SPEC CHECKSUMS:
  adrop-ads: 9fd755b77fb3d2c5b58bc23f341008974b86e0f4
  adrop-ads-mediation-admob: 451bc05f5cfe4886910918a2908ef368a5eb9e5c
  adrop_ads_admob: cf2e0aa6064d4d979b943ba54fd42ed3ac6b1fda
  adrop_ads_flutter: 6744684b5f559b9168d1a4494d22433f02529ec9
  Flutter: e0871f40cf51350855a761d2e70bf5af5b9b5de7
  Google-Mobile-Ads-SDK: 5a6d005a6cb5b5e8f4c7b69ca05cdea79c181139
  google_mobile_ads: 9379c80fdfa9988fb0e105a407890ff8deb3cf86
  GoogleUserMessagingPlatform: 6b4f48a370e77ce121d034c908cc6ee4fdafaf13
  integration_test: 13825b8a9334a850581300559b8839134b124670
  webview_flutter_wkwebview: be0f0d33777f1bfd0c9fdcb594786704dbf65f36

PODFILE CHECKSUM: 1959d098c91d8a792531a723c4a9d7e9f6a01e38

COCOAPODS: 1.13.0
